// !$*UTF8*$!
{
	archiveVersion = 1;
	classes = {
	};
	objectVersion = 55;
	objects = {

/* Begin PBXBuildFile section */
		6AE8EC2C281F9B8A00D4CDD5 /* AppDelegate.swift in Sources */ = {isa = PBXBuildFile; fileRef = 6AE8EC2B281F9B8A00D4CDD5 /* AppDelegate.swift */; };
		6AE8EC2E281F9B8A00D4CDD5 /* SceneDelegate.swift in Sources */ = {isa = PBXBuildFile; fileRef = 6AE8EC2D281F9B8A00D4CDD5 /* SceneDelegate.swift */; };
		6AE8EC30281F9B8A00D4CDD5 /* SearchViewController.swift in Sources */ = {isa = PBXBuildFile; fileRef = 6AE8EC2F281F9B8A00D4CDD5 /* SearchViewController.swift */; };
		6AE8EC36281F9B8A00D4CDD5 /* GIFData.xcdatamodeld in Sources */ = {isa = PBXBuildFile; fileRef = 6AE8EC34281F9B8A00D4CDD5 /* GIFData.xcdatamodeld */; };
		6AE8EC38281F9B8B00D4CDD5 /* Assets.xcassets in Resources */ = {isa = PBXBuildFile; fileRef = 6AE8EC37281F9B8B00D4CDD5 /* Assets.xcassets */; };
		6AE8EC3B281F9B8B00D4CDD5 /* LaunchScreen.storyboard in Resources */ = {isa = PBXBuildFile; fileRef = 6AE8EC39281F9B8B00D4CDD5 /* LaunchScreen.storyboard */; };
		6AE8EC46281F9B8B00D4CDD5 /* GIPHYSearchAppTests.swift in Sources */ = {isa = PBXBuildFile; fileRef = 6AE8EC45281F9B8B00D4CDD5 /* GIPHYSearchAppTests.swift */; };
		6AE8EC50281F9B8B00D4CDD5 /* GIPHYSearchAppUITests.swift in Sources */ = {isa = PBXBuildFile; fileRef = 6AE8EC4F281F9B8B00D4CDD5 /* GIPHYSearchAppUITests.swift */; };
		6AE8EC52281F9B8B00D4CDD5 /* GIPHYSearchAppUITestsLaunchTests.swift in Sources */ = {isa = PBXBuildFile; fileRef = 6AE8EC51281F9B8B00D4CDD5 /* GIPHYSearchAppUITestsLaunchTests.swift */; };
		6AE8EC60281F9BD600D4CDD5 /* Alamofire in Frameworks */ = {isa = PBXBuildFile; productRef = 6AE8EC5F281F9BD600D4CDD5 /* Alamofire */; };
		6AE8EC78281FC9B300D4CDD5 /* SearchView.swift in Sources */ = {isa = PBXBuildFile; fileRef = 6AE8EC77281FC9B300D4CDD5 /* SearchView.swift */; };
		6AE8EC7A281FCA0400D4CDD5 /* BaseView.swift in Sources */ = {isa = PBXBuildFile; fileRef = 6AE8EC79281FCA0400D4CDD5 /* BaseView.swift */; };
		6AE8EC7C281FCA0B00D4CDD5 /* BaseViewController.swift in Sources */ = {isa = PBXBuildFile; fileRef = 6AE8EC7B281FCA0A00D4CDD5 /* BaseViewController.swift */; };
		6AE8EC7E281FCFDF00D4CDD5 /* ViewRepresentable.swift in Sources */ = {isa = PBXBuildFile; fileRef = 6AE8EC7D281FCFDF00D4CDD5 /* ViewRepresentable.swift */; };
		6AE8EC82281FD51B00D4CDD5 /* SearchViewModel.swift in Sources */ = {isa = PBXBuildFile; fileRef = 6AE8EC81281FD51B00D4CDD5 /* SearchViewModel.swift */; };
		6AE8EC84281FD59300D4CDD5 /* ContentCollectionViewCell.swift in Sources */ = {isa = PBXBuildFile; fileRef = 6AE8EC83281FD59300D4CDD5 /* ContentCollectionViewCell.swift */; };
		6AE8EC86281FD5B900D4CDD5 /* CollectionViewCell+Extension.swift in Sources */ = {isa = PBXBuildFile; fileRef = 6AE8EC85281FD5B900D4CDD5 /* CollectionViewCell+Extension.swift */; };
		6AE8EC89281FD8C600D4CDD5 /* EndPoint.swift in Sources */ = {isa = PBXBuildFile; fileRef = 6AE8EC88281FD8C600D4CDD5 /* EndPoint.swift */; };
		6AE8EC8B281FDB3200D4CDD5 /* APIKey.swift in Sources */ = {isa = PBXBuildFile; fileRef = 6AE8EC8A281FDB3200D4CDD5 /* APIKey.swift */; };
		6AE8EC8D281FDC4900D4CDD5 /* GIPHYRepository.swift in Sources */ = {isa = PBXBuildFile; fileRef = 6AE8EC8C281FDC4900D4CDD5 /* GIPHYRepository.swift */; };
		6AE8EC8F281FE23600D4CDD5 /* TextFieldView.swift in Sources */ = {isa = PBXBuildFile; fileRef = 6AE8EC8E281FE23500D4CDD5 /* TextFieldView.swift */; };
		6AE8EC91281FE47B00D4CDD5 /* UITextField+Extension.swift in Sources */ = {isa = PBXBuildFile; fileRef = 6AE8EC90281FE47B00D4CDD5 /* UITextField+Extension.swift */; };
		6AE8EC93281FE91600D4CDD5 /* CategoryButtonView.swift in Sources */ = {isa = PBXBuildFile; fileRef = 6AE8EC92281FE91600D4CDD5 /* CategoryButtonView.swift */; };
		6AE8EC95281FEF5500D4CDD5 /* GIFSearchResponseDTO.swift in Sources */ = {isa = PBXBuildFile; fileRef = 6AE8EC94281FEF5500D4CDD5 /* GIFSearchResponseDTO.swift */; };
		6AE8EC9D2820087E00D4CDD5 /* UIView+Extension.swift in Sources */ = {isa = PBXBuildFile; fileRef = 6AE8EC9C2820087E00D4CDD5 /* UIView+Extension.swift */; };
		6AE8EC9F28200FE900D4CDD5 /* HomeTabBarController.swift in Sources */ = {isa = PBXBuildFile; fileRef = 6AE8EC9E28200FE900D4CDD5 /* HomeTabBarController.swift */; };
		6AE8ECA3282010F500D4CDD5 /* FavoriteViewController.swift in Sources */ = {isa = PBXBuildFile; fileRef = 6AE8ECA2282010F500D4CDD5 /* FavoriteViewController.swift */; };
		6AE8ECA52820281000D4CDD5 /* NetworkError.swift in Sources */ = {isa = PBXBuildFile; fileRef = 6AE8ECA42820281000D4CDD5 /* NetworkError.swift */; };
		6AE8ECA728203C4B00D4CDD5 /* GIFs.swift in Sources */ = {isa = PBXBuildFile; fileRef = 6AE8ECA628203C4B00D4CDD5 /* GIFs.swift */; };
		6AE8ECA92820436A00D4CDD5 /* SearchUseCase.swift in Sources */ = {isa = PBXBuildFile; fileRef = 6AE8ECA82820436A00D4CDD5 /* SearchUseCase.swift */; };
		6AE8ECAB2820467100D4CDD5 /* GIPHYRepositoryInterface.swift in Sources */ = {isa = PBXBuildFile; fileRef = 6AE8ECAA2820467100D4CDD5 /* GIPHYRepositoryInterface.swift */; };
		6AE8ECAE28204E2300D4CDD5 /* Observable.swift in Sources */ = {isa = PBXBuildFile; fileRef = 6AE8ECAD28204E2300D4CDD5 /* Observable.swift */; };
		6AE8ECB42820693700D4CDD5 /* UIImage+Extension.swift in Sources */ = {isa = PBXBuildFile; fileRef = 6AE8ECB32820693700D4CDD5 /* UIImage+Extension.swift */; };
		6AE8ECB628206C6600D4CDD5 /* UIImageView+Extension.swift in Sources */ = {isa = PBXBuildFile; fileRef = 6AE8ECB528206C6600D4CDD5 /* UIImageView+Extension.swift */; };
		6AE8ECB928206C9300D4CDD5 /* ImageCacheManager.swift in Sources */ = {isa = PBXBuildFile; fileRef = 6AE8ECB828206C9300D4CDD5 /* ImageCacheManager.swift */; };
		6AE8ECBB2820C3B900D4CDD5 /* UIViewController+Extension.swift in Sources */ = {isa = PBXBuildFile; fileRef = 6AE8ECBA2820C3B900D4CDD5 /* UIViewController+Extension.swift */; };
		6AE8ECBD2820EBF500D4CDD5 /* DetailViewController.swift in Sources */ = {isa = PBXBuildFile; fileRef = 6AE8ECBC2820EBF500D4CDD5 /* DetailViewController.swift */; };
		6AE8ECBF2820EBFC00D4CDD5 /* DetailView.swift in Sources */ = {isa = PBXBuildFile; fileRef = 6AE8ECBE2820EBFC00D4CDD5 /* DetailView.swift */; };
		6AE8ECC128211F3300D4CDD5 /* ContentGIFView.swift in Sources */ = {isa = PBXBuildFile; fileRef = 6AE8ECC028211F3300D4CDD5 /* ContentGIFView.swift */; };
		6AE8ECC328212F1000D4CDD5 /* DetailViewModel.swift in Sources */ = {isa = PBXBuildFile; fileRef = 6AE8ECC228212F1000D4CDD5 /* DetailViewModel.swift */; };
		6AE8ECC52821489A00D4CDD5 /* CoreDataManager.swift in Sources */ = {isa = PBXBuildFile; fileRef = 6AE8ECC42821489A00D4CDD5 /* CoreDataManager.swift */; };
		6AE8ECC728217B5E00D4CDD5 /* FavoriteView.swift in Sources */ = {isa = PBXBuildFile; fileRef = 6AE8ECC628217B5E00D4CDD5 /* FavoriteView.swift */; };
		6AE8ECC928217BE700D4CDD5 /* FavoriteViewModel.swift in Sources */ = {isa = PBXBuildFile; fileRef = 6AE8ECC828217BE700D4CDD5 /* FavoriteViewModel.swift */; };
/* End PBXBuildFile section */

/* Begin PBXContainerItemProxy section */
		6AE8EC42281F9B8B00D4CDD5 /* PBXContainerItemProxy */ = {
			isa = PBXContainerItemProxy;
			containerPortal = 6AE8EC20281F9B8A00D4CDD5 /* Project object */;
			proxyType = 1;
			remoteGlobalIDString = 6AE8EC27281F9B8A00D4CDD5;
			remoteInfo = GIPHYSearchApp;
		};
		6AE8EC4C281F9B8B00D4CDD5 /* PBXContainerItemProxy */ = {
			isa = PBXContainerItemProxy;
			containerPortal = 6AE8EC20281F9B8A00D4CDD5 /* Project object */;
			proxyType = 1;
			remoteGlobalIDString = 6AE8EC27281F9B8A00D4CDD5;
			remoteInfo = GIPHYSearchApp;
		};
/* End PBXContainerItemProxy section */

/* Begin PBXFileReference section */
		6AE8EC28281F9B8A00D4CDD5 /* GIPHYSearchApp.app */ = {isa = PBXFileReference; explicitFileType = wrapper.application; includeInIndex = 0; path = GIPHYSearchApp.app; sourceTree = BUILT_PRODUCTS_DIR; };
		6AE8EC2B281F9B8A00D4CDD5 /* AppDelegate.swift */ = {isa = PBXFileReference; lastKnownFileType = sourcecode.swift; path = AppDelegate.swift; sourceTree = "<group>"; };
		6AE8EC2D281F9B8A00D4CDD5 /* SceneDelegate.swift */ = {isa = PBXFileReference; lastKnownFileType = sourcecode.swift; path = SceneDelegate.swift; sourceTree = "<group>"; };
		6AE8EC2F281F9B8A00D4CDD5 /* SearchViewController.swift */ = {isa = PBXFileReference; lastKnownFileType = sourcecode.swift; path = SearchViewController.swift; sourceTree = "<group>"; };
		6AE8EC35281F9B8A00D4CDD5 /* GIPHYSearchApp.xcdatamodel */ = {isa = PBXFileReference; lastKnownFileType = wrapper.xcdatamodel; path = GIPHYSearchApp.xcdatamodel; sourceTree = "<group>"; };
		6AE8EC37281F9B8B00D4CDD5 /* Assets.xcassets */ = {isa = PBXFileReference; lastKnownFileType = folder.assetcatalog; path = Assets.xcassets; sourceTree = "<group>"; };
		6AE8EC3A281F9B8B00D4CDD5 /* Base */ = {isa = PBXFileReference; lastKnownFileType = file.storyboard; name = Base; path = Base.lproj/LaunchScreen.storyboard; sourceTree = "<group>"; };
		6AE8EC3C281F9B8B00D4CDD5 /* Info.plist */ = {isa = PBXFileReference; lastKnownFileType = text.plist.xml; path = Info.plist; sourceTree = "<group>"; };
		6AE8EC41281F9B8B00D4CDD5 /* GIPHYSearchAppTests.xctest */ = {isa = PBXFileReference; explicitFileType = wrapper.cfbundle; includeInIndex = 0; path = GIPHYSearchAppTests.xctest; sourceTree = BUILT_PRODUCTS_DIR; };
		6AE8EC45281F9B8B00D4CDD5 /* GIPHYSearchAppTests.swift */ = {isa = PBXFileReference; lastKnownFileType = sourcecode.swift; path = GIPHYSearchAppTests.swift; sourceTree = "<group>"; };
		6AE8EC4B281F9B8B00D4CDD5 /* GIPHYSearchAppUITests.xctest */ = {isa = PBXFileReference; explicitFileType = wrapper.cfbundle; includeInIndex = 0; path = GIPHYSearchAppUITests.xctest; sourceTree = BUILT_PRODUCTS_DIR; };
		6AE8EC4F281F9B8B00D4CDD5 /* GIPHYSearchAppUITests.swift */ = {isa = PBXFileReference; lastKnownFileType = sourcecode.swift; path = GIPHYSearchAppUITests.swift; sourceTree = "<group>"; };
		6AE8EC51281F9B8B00D4CDD5 /* GIPHYSearchAppUITestsLaunchTests.swift */ = {isa = PBXFileReference; lastKnownFileType = sourcecode.swift; path = GIPHYSearchAppUITestsLaunchTests.swift; sourceTree = "<group>"; };
		6AE8EC77281FC9B300D4CDD5 /* SearchView.swift */ = {isa = PBXFileReference; lastKnownFileType = sourcecode.swift; path = SearchView.swift; sourceTree = "<group>"; };
		6AE8EC79281FCA0400D4CDD5 /* BaseView.swift */ = {isa = PBXFileReference; lastKnownFileType = sourcecode.swift; path = BaseView.swift; sourceTree = "<group>"; };
		6AE8EC7B281FCA0A00D4CDD5 /* BaseViewController.swift */ = {isa = PBXFileReference; lastKnownFileType = sourcecode.swift; path = BaseViewController.swift; sourceTree = "<group>"; };
		6AE8EC7D281FCFDF00D4CDD5 /* ViewRepresentable.swift */ = {isa = PBXFileReference; lastKnownFileType = sourcecode.swift; path = ViewRepresentable.swift; sourceTree = "<group>"; };
		6AE8EC81281FD51B00D4CDD5 /* SearchViewModel.swift */ = {isa = PBXFileReference; lastKnownFileType = sourcecode.swift; path = SearchViewModel.swift; sourceTree = "<group>"; };
		6AE8EC83281FD59300D4CDD5 /* ContentCollectionViewCell.swift */ = {isa = PBXFileReference; lastKnownFileType = sourcecode.swift; path = ContentCollectionViewCell.swift; sourceTree = "<group>"; };
		6AE8EC85281FD5B900D4CDD5 /* CollectionViewCell+Extension.swift */ = {isa = PBXFileReference; lastKnownFileType = sourcecode.swift; path = "CollectionViewCell+Extension.swift"; sourceTree = "<group>"; };
		6AE8EC88281FD8C600D4CDD5 /* EndPoint.swift */ = {isa = PBXFileReference; lastKnownFileType = sourcecode.swift; path = EndPoint.swift; sourceTree = "<group>"; };
		6AE8EC8A281FDB3200D4CDD5 /* APIKey.swift */ = {isa = PBXFileReference; lastKnownFileType = sourcecode.swift; path = APIKey.swift; sourceTree = "<group>"; };
		6AE8EC8C281FDC4900D4CDD5 /* GIPHYRepository.swift */ = {isa = PBXFileReference; lastKnownFileType = sourcecode.swift; path = GIPHYRepository.swift; sourceTree = "<group>"; };
		6AE8EC8E281FE23500D4CDD5 /* TextFieldView.swift */ = {isa = PBXFileReference; lastKnownFileType = sourcecode.swift; path = TextFieldView.swift; sourceTree = "<group>"; };
		6AE8EC90281FE47B00D4CDD5 /* UITextField+Extension.swift */ = {isa = PBXFileReference; lastKnownFileType = sourcecode.swift; path = "UITextField+Extension.swift"; sourceTree = "<group>"; };
		6AE8EC92281FE91600D4CDD5 /* CategoryButtonView.swift */ = {isa = PBXFileReference; lastKnownFileType = sourcecode.swift; path = CategoryButtonView.swift; sourceTree = "<group>"; };
		6AE8EC94281FEF5500D4CDD5 /* GIFSearchResponseDTO.swift */ = {isa = PBXFileReference; lastKnownFileType = sourcecode.swift; path = GIFSearchResponseDTO.swift; sourceTree = "<group>"; };
		6AE8EC9C2820087E00D4CDD5 /* UIView+Extension.swift */ = {isa = PBXFileReference; lastKnownFileType = sourcecode.swift; path = "UIView+Extension.swift"; sourceTree = "<group>"; };
		6AE8EC9E28200FE900D4CDD5 /* HomeTabBarController.swift */ = {isa = PBXFileReference; lastKnownFileType = sourcecode.swift; path = HomeTabBarController.swift; sourceTree = "<group>"; };
		6AE8ECA2282010F500D4CDD5 /* FavoriteViewController.swift */ = {isa = PBXFileReference; lastKnownFileType = sourcecode.swift; path = FavoriteViewController.swift; sourceTree = "<group>"; };
		6AE8ECA42820281000D4CDD5 /* NetworkError.swift */ = {isa = PBXFileReference; lastKnownFileType = sourcecode.swift; path = NetworkError.swift; sourceTree = "<group>"; };
		6AE8ECA628203C4B00D4CDD5 /* GIFs.swift */ = {isa = PBXFileReference; lastKnownFileType = sourcecode.swift; path = GIFs.swift; sourceTree = "<group>"; };
		6AE8ECA82820436A00D4CDD5 /* SearchUseCase.swift */ = {isa = PBXFileReference; lastKnownFileType = sourcecode.swift; path = SearchUseCase.swift; sourceTree = "<group>"; };
		6AE8ECAA2820467100D4CDD5 /* GIPHYRepositoryInterface.swift */ = {isa = PBXFileReference; lastKnownFileType = sourcecode.swift; path = GIPHYRepositoryInterface.swift; sourceTree = "<group>"; };
		6AE8ECAD28204E2300D4CDD5 /* Observable.swift */ = {isa = PBXFileReference; lastKnownFileType = sourcecode.swift; path = Observable.swift; sourceTree = "<group>"; };
		6AE8ECB32820693700D4CDD5 /* UIImage+Extension.swift */ = {isa = PBXFileReference; lastKnownFileType = sourcecode.swift; path = "UIImage+Extension.swift"; sourceTree = "<group>"; };
		6AE8ECB528206C6600D4CDD5 /* UIImageView+Extension.swift */ = {isa = PBXFileReference; lastKnownFileType = sourcecode.swift; path = "UIImageView+Extension.swift"; sourceTree = "<group>"; };
		6AE8ECB828206C9300D4CDD5 /* ImageCacheManager.swift */ = {isa = PBXFileReference; lastKnownFileType = sourcecode.swift; path = ImageCacheManager.swift; sourceTree = "<group>"; };
		6AE8ECBA2820C3B900D4CDD5 /* UIViewController+Extension.swift */ = {isa = PBXFileReference; lastKnownFileType = sourcecode.swift; path = "UIViewController+Extension.swift"; sourceTree = "<group>"; };
		6AE8ECBC2820EBF500D4CDD5 /* DetailViewController.swift */ = {isa = PBXFileReference; lastKnownFileType = sourcecode.swift; path = DetailViewController.swift; sourceTree = "<group>"; };
		6AE8ECBE2820EBFC00D4CDD5 /* DetailView.swift */ = {isa = PBXFileReference; lastKnownFileType = sourcecode.swift; path = DetailView.swift; sourceTree = "<group>"; };
		6AE8ECC028211F3300D4CDD5 /* ContentGIFView.swift */ = {isa = PBXFileReference; lastKnownFileType = sourcecode.swift; path = ContentGIFView.swift; sourceTree = "<group>"; };
		6AE8ECC228212F1000D4CDD5 /* DetailViewModel.swift */ = {isa = PBXFileReference; lastKnownFileType = sourcecode.swift; path = DetailViewModel.swift; sourceTree = "<group>"; };
		6AE8ECC42821489A00D4CDD5 /* CoreDataManager.swift */ = {isa = PBXFileReference; lastKnownFileType = sourcecode.swift; path = CoreDataManager.swift; sourceTree = "<group>"; };
		6AE8ECC628217B5E00D4CDD5 /* FavoriteView.swift */ = {isa = PBXFileReference; lastKnownFileType = sourcecode.swift; path = FavoriteView.swift; sourceTree = "<group>"; };
		6AE8ECC828217BE700D4CDD5 /* FavoriteViewModel.swift */ = {isa = PBXFileReference; lastKnownFileType = sourcecode.swift; path = FavoriteViewModel.swift; sourceTree = "<group>"; };
/* End PBXFileReference section */

/* Begin PBXFrameworksBuildPhase section */
		6AE8EC25281F9B8A00D4CDD5 /* Frameworks */ = {
			isa = PBXFrameworksBuildPhase;
			buildActionMask = 2147483647;
			files = (
				6AE8EC60281F9BD600D4CDD5 /* Alamofire in Frameworks */,
			);
			runOnlyForDeploymentPostprocessing = 0;
		};
		6AE8EC3E281F9B8B00D4CDD5 /* Frameworks */ = {
			isa = PBXFrameworksBuildPhase;
			buildActionMask = 2147483647;
			files = (
			);
			runOnlyForDeploymentPostprocessing = 0;
		};
		6AE8EC48281F9B8B00D4CDD5 /* Frameworks */ = {
			isa = PBXFrameworksBuildPhase;
			buildActionMask = 2147483647;
			files = (
			);
			runOnlyForDeploymentPostprocessing = 0;
		};
/* End PBXFrameworksBuildPhase section */

/* Begin PBXGroup section */
		6AE8EC1F281F9B8A00D4CDD5 = {
			isa = PBXGroup;
			children = (
				6AE8EC2A281F9B8A00D4CDD5 /* GIPHYSearchApp */,
				6AE8EC6D281F9D1C00D4CDD5 /* Resources */,
				6AE8EC44281F9B8B00D4CDD5 /* GIPHYSearchAppTests */,
				6AE8EC4E281F9B8B00D4CDD5 /* GIPHYSearchAppUITests */,
				6AE8EC29281F9B8A00D4CDD5 /* Products */,
			);
			sourceTree = "<group>";
		};
		6AE8EC29281F9B8A00D4CDD5 /* Products */ = {
			isa = PBXGroup;
			children = (
				6AE8EC28281F9B8A00D4CDD5 /* GIPHYSearchApp.app */,
				6AE8EC41281F9B8B00D4CDD5 /* GIPHYSearchAppTests.xctest */,
				6AE8EC4B281F9B8B00D4CDD5 /* GIPHYSearchAppUITests.xctest */,
			);
			name = Products;
			sourceTree = "<group>";
		};
		6AE8EC2A281F9B8A00D4CDD5 /* GIPHYSearchApp */ = {
			isa = PBXGroup;
			children = (
				6AE8EC6E281F9D3900D4CDD5 /* Util */,
				6AE8EC61281F9C7600D4CDD5 /* Presentation */,
				6AE8EC62281F9C7D00D4CDD5 /* Domain */,
				6AE8EC63281F9C8400D4CDD5 /* Data */,
				6AE8EC6B281F9CF000D4CDD5 /* Network */,
				6AE8EC6F281F9D5100D4CDD5 /* Database */,
				6AE8EC6C281F9D0B00D4CDD5 /* Application */,
				6AE8EC3C281F9B8B00D4CDD5 /* Info.plist */,
			);
			path = GIPHYSearchApp;
			sourceTree = "<group>";
		};
		6AE8EC44281F9B8B00D4CDD5 /* GIPHYSearchAppTests */ = {
			isa = PBXGroup;
			children = (
				6AE8EC45281F9B8B00D4CDD5 /* GIPHYSearchAppTests.swift */,
			);
			path = GIPHYSearchAppTests;
			sourceTree = "<group>";
		};
		6AE8EC4E281F9B8B00D4CDD5 /* GIPHYSearchAppUITests */ = {
			isa = PBXGroup;
			children = (
				6AE8EC4F281F9B8B00D4CDD5 /* GIPHYSearchAppUITests.swift */,
				6AE8EC51281F9B8B00D4CDD5 /* GIPHYSearchAppUITestsLaunchTests.swift */,
			);
			path = GIPHYSearchAppUITests;
			sourceTree = "<group>";
		};
		6AE8EC61281F9C7600D4CDD5 /* Presentation */ = {
			isa = PBXGroup;
			children = (
				6AE8EC65281F9C8F00D4CDD5 /* ViewModel */,
				6AE8EC64281F9C8A00D4CDD5 /* View */,
			);
			path = Presentation;
			sourceTree = "<group>";
		};
		6AE8EC62281F9C7D00D4CDD5 /* Domain */ = {
			isa = PBXGroup;
			children = (
				6AE8EC69281F9CDF00D4CDD5 /* Entity */,
				6AE8EC68281F9CD300D4CDD5 /* Interfaces */,
				6AE8EC66281F9C9700D4CDD5 /* UseCase */,
			);
			path = Domain;
			sourceTree = "<group>";
		};
		6AE8EC63281F9C8400D4CDD5 /* Data */ = {
			isa = PBXGroup;
			children = (
				6AE8EC6A281F9CE600D4CDD5 /* DataMapping */,
				6AE8EC67281F9CA200D4CDD5 /* Repository */,
			);
			path = Data;
			sourceTree = "<group>";
		};
		6AE8EC64281F9C8A00D4CDD5 /* View */ = {
			isa = PBXGroup;
			children = (
				6AE8EC9E28200FE900D4CDD5 /* HomeTabBarController.swift */,
				6AE8ECCA282215F000D4CDD5 /* Cell */,
				6AE8EC76281F9E5300D4CDD5 /* Favorite */,
				6AE8EC75281F9E4D00D4CDD5 /* Detail */,
				6AE8EC74281F9E4600D4CDD5 /* Search */,
			);
			path = View;
			sourceTree = "<group>";
		};
		6AE8EC65281F9C8F00D4CDD5 /* ViewModel */ = {
			isa = PBXGroup;
			children = (
				6AE8EC81281FD51B00D4CDD5 /* SearchViewModel.swift */,
				6AE8ECC228212F1000D4CDD5 /* DetailViewModel.swift */,
				6AE8ECC828217BE700D4CDD5 /* FavoriteViewModel.swift */,
			);
			path = ViewModel;
			sourceTree = "<group>";
		};
		6AE8EC66281F9C9700D4CDD5 /* UseCase */ = {
			isa = PBXGroup;
			children = (
				6AE8ECA82820436A00D4CDD5 /* SearchUseCase.swift */,
			);
			path = UseCase;
			sourceTree = "<group>";
		};
		6AE8EC67281F9CA200D4CDD5 /* Repository */ = {
			isa = PBXGroup;
			children = (
				6AE8EC8C281FDC4900D4CDD5 /* GIPHYRepository.swift */,
			);
			path = Repository;
			sourceTree = "<group>";
		};
		6AE8EC68281F9CD300D4CDD5 /* Interfaces */ = {
			isa = PBXGroup;
			children = (
				6AE8ECAA2820467100D4CDD5 /* GIPHYRepositoryInterface.swift */,
			);
			path = Interfaces;
			sourceTree = "<group>";
		};
		6AE8EC69281F9CDF00D4CDD5 /* Entity */ = {
			isa = PBXGroup;
			children = (
				6AE8ECA628203C4B00D4CDD5 /* GIFs.swift */,
			);
			path = Entity;
			sourceTree = "<group>";
		};
		6AE8EC6A281F9CE600D4CDD5 /* DataMapping */ = {
			isa = PBXGroup;
			children = (
				6AE8EC94281FEF5500D4CDD5 /* GIFSearchResponseDTO.swift */,
			);
			path = DataMapping;
			sourceTree = "<group>";
		};
		6AE8EC6B281F9CF000D4CDD5 /* Network */ = {
			isa = PBXGroup;
			children = (
				6AE8EC88281FD8C600D4CDD5 /* EndPoint.swift */,
				6AE8EC8A281FDB3200D4CDD5 /* APIKey.swift */,
				6AE8ECA42820281000D4CDD5 /* NetworkError.swift */,
			);
			path = Network;
			sourceTree = "<group>";
		};
		6AE8EC6C281F9D0B00D4CDD5 /* Application */ = {
			isa = PBXGroup;
			children = (
				6AE8EC2B281F9B8A00D4CDD5 /* AppDelegate.swift */,
				6AE8EC2D281F9B8A00D4CDD5 /* SceneDelegate.swift */,
			);
			path = Application;
			sourceTree = "<group>";
		};
		6AE8EC6D281F9D1C00D4CDD5 /* Resources */ = {
			isa = PBXGroup;
			children = (
				6AE8EC37281F9B8B00D4CDD5 /* Assets.xcassets */,
				6AE8EC39281F9B8B00D4CDD5 /* LaunchScreen.storyboard */,
			);
			path = Resources;
			sourceTree = "<group>";
		};
		6AE8EC6E281F9D3900D4CDD5 /* Util */ = {
			isa = PBXGroup;
			children = (
				6AE8ECB728206C8500D4CDD5 /* ImageCache */,
				6AE8ECAC28204E1900D4CDD5 /* Helper */,
				6AE8EC73281F9DDE00D4CDD5 /* Custom */,
				6AE8EC72281F9DDA00D4CDD5 /* Base */,
				6AE8EC71281F9DD200D4CDD5 /* Protocol */,
				6AE8EC70281F9DC700D4CDD5 /* Extension */,
			);
			path = Util;
			sourceTree = "<group>";
		};
		6AE8EC6F281F9D5100D4CDD5 /* Database */ = {
			isa = PBXGroup;
			children = (
				6AE8EC34281F9B8A00D4CDD5 /* GIFData.xcdatamodeld */,
				6AE8ECC42821489A00D4CDD5 /* CoreDataManager.swift */,
			);
			path = Database;
			sourceTree = "<group>";
		};
		6AE8EC70281F9DC700D4CDD5 /* Extension */ = {
			isa = PBXGroup;
			children = (
				6AE8EC85281FD5B900D4CDD5 /* CollectionViewCell+Extension.swift */,
				6AE8EC90281FE47B00D4CDD5 /* UITextField+Extension.swift */,
				6AE8EC9C2820087E00D4CDD5 /* UIView+Extension.swift */,
				6AE8ECB32820693700D4CDD5 /* UIImage+Extension.swift */,
				6AE8ECB528206C6600D4CDD5 /* UIImageView+Extension.swift */,
				6AE8ECBA2820C3B900D4CDD5 /* UIViewController+Extension.swift */,
			);
			path = Extension;
			sourceTree = "<group>";
		};
		6AE8EC71281F9DD200D4CDD5 /* Protocol */ = {
			isa = PBXGroup;
			children = (
				6AE8EC7D281FCFDF00D4CDD5 /* ViewRepresentable.swift */,
			);
			path = Protocol;
			sourceTree = "<group>";
		};
		6AE8EC72281F9DDA00D4CDD5 /* Base */ = {
			isa = PBXGroup;
			children = (
				6AE8EC79281FCA0400D4CDD5 /* BaseView.swift */,
				6AE8EC7B281FCA0A00D4CDD5 /* BaseViewController.swift */,
			);
			path = Base;
			sourceTree = "<group>";
		};
		6AE8EC73281F9DDE00D4CDD5 /* Custom */ = {
			isa = PBXGroup;
			children = (
				6AE8EC8E281FE23500D4CDD5 /* TextFieldView.swift */,
				6AE8EC92281FE91600D4CDD5 /* CategoryButtonView.swift */,
				6AE8ECC028211F3300D4CDD5 /* ContentGIFView.swift */,
			);
			path = Custom;
			sourceTree = "<group>";
		};
		6AE8EC74281F9E4600D4CDD5 /* Search */ = {
			isa = PBXGroup;
			children = (
				6AE8EC2F281F9B8A00D4CDD5 /* SearchViewController.swift */,
				6AE8EC77281FC9B300D4CDD5 /* SearchView.swift */,
			);
			path = Search;
			sourceTree = "<group>";
		};
		6AE8EC75281F9E4D00D4CDD5 /* Detail */ = {
			isa = PBXGroup;
			children = (
				6AE8ECBC2820EBF500D4CDD5 /* DetailViewController.swift */,
				6AE8ECBE2820EBFC00D4CDD5 /* DetailView.swift */,
			);
			path = Detail;
			sourceTree = "<group>";
		};
		6AE8EC76281F9E5300D4CDD5 /* Favorite */ = {
			isa = PBXGroup;
			children = (
				6AE8ECA2282010F500D4CDD5 /* FavoriteViewController.swift */,
				6AE8ECC628217B5E00D4CDD5 /* FavoriteView.swift */,
			);
			path = Favorite;
			sourceTree = "<group>";
		};
		6AE8ECAC28204E1900D4CDD5 /* Helper */ = {
			isa = PBXGroup;
			children = (
				6AE8ECAD28204E2300D4CDD5 /* Observable.swift */,
			);
			path = Helper;
			sourceTree = "<group>";
		};
		6AE8ECB728206C8500D4CDD5 /* ImageCache */ = {
			isa = PBXGroup;
			children = (
				6AE8ECB828206C9300D4CDD5 /* ImageCacheManager.swift */,
			);
			path = ImageCache;
			sourceTree = "<group>";
		};
		6AE8ECCA282215F000D4CDD5 /* Cell */ = {
			isa = PBXGroup;
			children = (
				6AE8EC83281FD59300D4CDD5 /* ContentCollectionViewCell.swift */,
			);
			path = Cell;
			sourceTree = "<group>";
		};
/* End PBXGroup section */

/* Begin PBXNativeTarget section */
		6AE8EC27281F9B8A00D4CDD5 /* GIPHYSearchApp */ = {
			isa = PBXNativeTarget;
			buildConfigurationList = 6AE8EC55281F9B8B00D4CDD5 /* Build configuration list for PBXNativeTarget "GIPHYSearchApp" */;
			buildPhases = (
				6AE8EC24281F9B8A00D4CDD5 /* Sources */,
				6AE8EC25281F9B8A00D4CDD5 /* Frameworks */,
				6AE8EC26281F9B8A00D4CDD5 /* Resources */,
			);
			buildRules = (
			);
			dependencies = (
			);
			name = GIPHYSearchApp;
			packageProductDependencies = (
				6AE8EC5F281F9BD600D4CDD5 /* Alamofire */,
			);
			productName = GIPHYSearchApp;
			productReference = 6AE8EC28281F9B8A00D4CDD5 /* GIPHYSearchApp.app */;
			productType = "com.apple.product-type.application";
		};
		6AE8EC40281F9B8B00D4CDD5 /* GIPHYSearchAppTests */ = {
			isa = PBXNativeTarget;
			buildConfigurationList = 6AE8EC58281F9B8B00D4CDD5 /* Build configuration list for PBXNativeTarget "GIPHYSearchAppTests" */;
			buildPhases = (
				6AE8EC3D281F9B8B00D4CDD5 /* Sources */,
				6AE8EC3E281F9B8B00D4CDD5 /* Frameworks */,
				6AE8EC3F281F9B8B00D4CDD5 /* Resources */,
			);
			buildRules = (
			);
			dependencies = (
				6AE8EC43281F9B8B00D4CDD5 /* PBXTargetDependency */,
			);
			name = GIPHYSearchAppTests;
			productName = GIPHYSearchAppTests;
			productReference = 6AE8EC41281F9B8B00D4CDD5 /* GIPHYSearchAppTests.xctest */;
			productType = "com.apple.product-type.bundle.unit-test";
		};
		6AE8EC4A281F9B8B00D4CDD5 /* GIPHYSearchAppUITests */ = {
			isa = PBXNativeTarget;
			buildConfigurationList = 6AE8EC5B281F9B8B00D4CDD5 /* Build configuration list for PBXNativeTarget "GIPHYSearchAppUITests" */;
			buildPhases = (
				6AE8EC47281F9B8B00D4CDD5 /* Sources */,
				6AE8EC48281F9B8B00D4CDD5 /* Frameworks */,
				6AE8EC49281F9B8B00D4CDD5 /* Resources */,
			);
			buildRules = (
			);
			dependencies = (
				6AE8EC4D281F9B8B00D4CDD5 /* PBXTargetDependency */,
			);
			name = GIPHYSearchAppUITests;
			productName = GIPHYSearchAppUITests;
			productReference = 6AE8EC4B281F9B8B00D4CDD5 /* GIPHYSearchAppUITests.xctest */;
			productType = "com.apple.product-type.bundle.ui-testing";
		};
/* End PBXNativeTarget section */

/* Begin PBXProject section */
		6AE8EC20281F9B8A00D4CDD5 /* Project object */ = {
			isa = PBXProject;
			attributes = {
				BuildIndependentTargetsInParallel = 1;
				LastSwiftUpdateCheck = 1330;
				LastUpgradeCheck = 1330;
				TargetAttributes = {
					6AE8EC27281F9B8A00D4CDD5 = {
						CreatedOnToolsVersion = 13.3.1;
					};
					6AE8EC40281F9B8B00D4CDD5 = {
						CreatedOnToolsVersion = 13.3.1;
						TestTargetID = 6AE8EC27281F9B8A00D4CDD5;
					};
					6AE8EC4A281F9B8B00D4CDD5 = {
						CreatedOnToolsVersion = 13.3.1;
						TestTargetID = 6AE8EC27281F9B8A00D4CDD5;
					};
				};
			};
			buildConfigurationList = 6AE8EC23281F9B8A00D4CDD5 /* Build configuration list for PBXProject "GIPHYSearchApp" */;
			compatibilityVersion = "Xcode 13.0";
			developmentRegion = en;
			hasScannedForEncodings = 0;
			knownRegions = (
				en,
				Base,
			);
			mainGroup = 6AE8EC1F281F9B8A00D4CDD5;
			packageReferences = (
				6AE8EC5E281F9BD600D4CDD5 /* XCRemoteSwiftPackageReference "Alamofire" */,
			);
			productRefGroup = 6AE8EC29281F9B8A00D4CDD5 /* Products */;
			projectDirPath = "";
			projectRoot = "";
			targets = (
				6AE8EC27281F9B8A00D4CDD5 /* GIPHYSearchApp */,
				6AE8EC40281F9B8B00D4CDD5 /* GIPHYSearchAppTests */,
				6AE8EC4A281F9B8B00D4CDD5 /* GIPHYSearchAppUITests */,
			);
		};
/* End PBXProject section */

/* Begin PBXResourcesBuildPhase section */
		6AE8EC26281F9B8A00D4CDD5 /* Resources */ = {
			isa = PBXResourcesBuildPhase;
			buildActionMask = 2147483647;
			files = (
				6AE8EC3B281F9B8B00D4CDD5 /* LaunchScreen.storyboard in Resources */,
				6AE8EC38281F9B8B00D4CDD5 /* Assets.xcassets in Resources */,
			);
			runOnlyForDeploymentPostprocessing = 0;
		};
		6AE8EC3F281F9B8B00D4CDD5 /* Resources */ = {
			isa = PBXResourcesBuildPhase;
			buildActionMask = 2147483647;
			files = (
			);
			runOnlyForDeploymentPostprocessing = 0;
		};
		6AE8EC49281F9B8B00D4CDD5 /* Resources */ = {
			isa = PBXResourcesBuildPhase;
			buildActionMask = 2147483647;
			files = (
			);
			runOnlyForDeploymentPostprocessing = 0;
		};
/* End PBXResourcesBuildPhase section */

/* Begin PBXSourcesBuildPhase section */
		6AE8EC24281F9B8A00D4CDD5 /* Sources */ = {
			isa = PBXSourcesBuildPhase;
			buildActionMask = 2147483647;
			files = (
				6AE8ECBD2820EBF500D4CDD5 /* DetailViewController.swift in Sources */,
				6AE8ECA3282010F500D4CDD5 /* FavoriteViewController.swift in Sources */,
				6AE8EC89281FD8C600D4CDD5 /* EndPoint.swift in Sources */,
				6AE8ECA728203C4B00D4CDD5 /* GIFs.swift in Sources */,
				6AE8ECBB2820C3B900D4CDD5 /* UIViewController+Extension.swift in Sources */,
				6AE8ECB42820693700D4CDD5 /* UIImage+Extension.swift in Sources */,
				6AE8EC78281FC9B300D4CDD5 /* SearchView.swift in Sources */,
				6AE8EC9F28200FE900D4CDD5 /* HomeTabBarController.swift in Sources */,
				6AE8EC7E281FCFDF00D4CDD5 /* ViewRepresentable.swift in Sources */,
				6AE8ECB628206C6600D4CDD5 /* UIImageView+Extension.swift in Sources */,
				6AE8EC30281F9B8A00D4CDD5 /* SearchViewController.swift in Sources */,
				6AE8ECC128211F3300D4CDD5 /* ContentGIFView.swift in Sources */,
				6AE8EC2C281F9B8A00D4CDD5 /* AppDelegate.swift in Sources */,
				6AE8EC95281FEF5500D4CDD5 /* GIFSearchResponseDTO.swift in Sources */,
				6AE8EC91281FE47B00D4CDD5 /* UITextField+Extension.swift in Sources */,
				6AE8ECA52820281000D4CDD5 /* NetworkError.swift in Sources */,
				6AE8ECC728217B5E00D4CDD5 /* FavoriteView.swift in Sources */,
				6AE8EC84281FD59300D4CDD5 /* ContentCollectionViewCell.swift in Sources */,
				6AE8ECC328212F1000D4CDD5 /* DetailViewModel.swift in Sources */,
				6AE8EC7A281FCA0400D4CDD5 /* BaseView.swift in Sources */,
				6AE8EC2E281F9B8A00D4CDD5 /* SceneDelegate.swift in Sources */,
				6AE8ECBF2820EBFC00D4CDD5 /* DetailView.swift in Sources */,
				6AE8ECC928217BE700D4CDD5 /* FavoriteViewModel.swift in Sources */,
				6AE8EC82281FD51B00D4CDD5 /* SearchViewModel.swift in Sources */,
				6AE8ECAB2820467100D4CDD5 /* GIPHYRepositoryInterface.swift in Sources */,
				6AE8ECB928206C9300D4CDD5 /* ImageCacheManager.swift in Sources */,
				6AE8EC7C281FCA0B00D4CDD5 /* BaseViewController.swift in Sources */,
				6AE8ECA92820436A00D4CDD5 /* SearchUseCase.swift in Sources */,
				6AE8EC36281F9B8A00D4CDD5 /* GIFData.xcdatamodeld in Sources */,
				6AE8EC8D281FDC4900D4CDD5 /* GIPHYRepository.swift in Sources */,
				6AE8EC9D2820087E00D4CDD5 /* UIView+Extension.swift in Sources */,
				6AE8EC93281FE91600D4CDD5 /* CategoryButtonView.swift in Sources */,
				6AE8ECAE28204E2300D4CDD5 /* Observable.swift in Sources */,
				6AE8EC8B281FDB3200D4CDD5 /* APIKey.swift in Sources */,
				6AE8EC86281FD5B900D4CDD5 /* CollectionViewCell+Extension.swift in Sources */,
				6AE8ECC52821489A00D4CDD5 /* CoreDataManager.swift in Sources */,
				6AE8EC8F281FE23600D4CDD5 /* TextFieldView.swift in Sources */,
			);
			runOnlyForDeploymentPostprocessing = 0;
		};
		6AE8EC3D281F9B8B00D4CDD5 /* Sources */ = {
			isa = PBXSourcesBuildPhase;
			buildActionMask = 2147483647;
			files = (
				6AE8EC46281F9B8B00D4CDD5 /* GIPHYSearchAppTests.swift in Sources */,
			);
			runOnlyForDeploymentPostprocessing = 0;
		};
		6AE8EC47281F9B8B00D4CDD5 /* Sources */ = {
			isa = PBXSourcesBuildPhase;
			buildActionMask = 2147483647;
			files = (
				6AE8EC52281F9B8B00D4CDD5 /* GIPHYSearchAppUITestsLaunchTests.swift in Sources */,
				6AE8EC50281F9B8B00D4CDD5 /* GIPHYSearchAppUITests.swift in Sources */,
			);
			runOnlyForDeploymentPostprocessing = 0;
		};
/* End PBXSourcesBuildPhase section */

/* Begin PBXTargetDependency section */
		6AE8EC43281F9B8B00D4CDD5 /* PBXTargetDependency */ = {
			isa = PBXTargetDependency;
			target = 6AE8EC27281F9B8A00D4CDD5 /* GIPHYSearchApp */;
			targetProxy = 6AE8EC42281F9B8B00D4CDD5 /* PBXContainerItemProxy */;
		};
		6AE8EC4D281F9B8B00D4CDD5 /* PBXTargetDependency */ = {
			isa = PBXTargetDependency;
			target = 6AE8EC27281F9B8A00D4CDD5 /* GIPHYSearchApp */;
			targetProxy = 6AE8EC4C281F9B8B00D4CDD5 /* PBXContainerItemProxy */;
		};
/* End PBXTargetDependency section */

/* Begin PBXVariantGroup section */
		6AE8EC39281F9B8B00D4CDD5 /* LaunchScreen.storyboard */ = {
			isa = PBXVariantGroup;
			children = (
				6AE8EC3A281F9B8B00D4CDD5 /* Base */,
			);
			name = LaunchScreen.storyboard;
			sourceTree = "<group>";
		};
/* End PBXVariantGroup section */

/* Begin XCBuildConfiguration section */
		6AE8EC53281F9B8B00D4CDD5 /* Debug */ = {
			isa = XCBuildConfiguration;
			buildSettings = {
				ALWAYS_SEARCH_USER_PATHS = NO;
				CLANG_ANALYZER_NONNULL = YES;
				CLANG_ANALYZER_NUMBER_OBJECT_CONVERSION = YES_AGGRESSIVE;
				CLANG_CXX_LANGUAGE_STANDARD = "gnu++17";
				CLANG_ENABLE_MODULES = YES;
				CLANG_ENABLE_OBJC_ARC = YES;
				CLANG_ENABLE_OBJC_WEAK = YES;
				CLANG_WARN_BLOCK_CAPTURE_AUTORELEASING = YES;
				CLANG_WARN_BOOL_CONVERSION = YES;
				CLANG_WARN_COMMA = YES;
				CLANG_WARN_CONSTANT_CONVERSION = YES;
				CLANG_WARN_DEPRECATED_OBJC_IMPLEMENTATIONS = YES;
				CLANG_WARN_DIRECT_OBJC_ISA_USAGE = YES_ERROR;
				CLANG_WARN_DOCUMENTATION_COMMENTS = YES;
				CLANG_WARN_EMPTY_BODY = YES;
				CLANG_WARN_ENUM_CONVERSION = YES;
				CLANG_WARN_INFINITE_RECURSION = YES;
				CLANG_WARN_INT_CONVERSION = YES;
				CLANG_WARN_NON_LITERAL_NULL_CONVERSION = YES;
				CLANG_WARN_OBJC_IMPLICIT_RETAIN_SELF = YES;
				CLANG_WARN_OBJC_LITERAL_CONVERSION = YES;
				CLANG_WARN_OBJC_ROOT_CLASS = YES_ERROR;
				CLANG_WARN_QUOTED_INCLUDE_IN_FRAMEWORK_HEADER = YES;
				CLANG_WARN_RANGE_LOOP_ANALYSIS = YES;
				CLANG_WARN_STRICT_PROTOTYPES = YES;
				CLANG_WARN_SUSPICIOUS_MOVE = YES;
				CLANG_WARN_UNGUARDED_AVAILABILITY = YES_AGGRESSIVE;
				CLANG_WARN_UNREACHABLE_CODE = YES;
				CLANG_WARN__DUPLICATE_METHOD_MATCH = YES;
				COPY_PHASE_STRIP = NO;
				DEBUG_INFORMATION_FORMAT = dwarf;
				ENABLE_STRICT_OBJC_MSGSEND = YES;
				ENABLE_TESTABILITY = YES;
				GCC_C_LANGUAGE_STANDARD = gnu11;
				GCC_DYNAMIC_NO_PIC = NO;
				GCC_NO_COMMON_BLOCKS = YES;
				GCC_OPTIMIZATION_LEVEL = 0;
				GCC_PREPROCESSOR_DEFINITIONS = (
					"DEBUG=1",
					"$(inherited)",
				);
				GCC_WARN_64_TO_32_BIT_CONVERSION = YES;
				GCC_WARN_ABOUT_RETURN_TYPE = YES_ERROR;
				GCC_WARN_UNDECLARED_SELECTOR = YES;
				GCC_WARN_UNINITIALIZED_AUTOS = YES_AGGRESSIVE;
				GCC_WARN_UNUSED_FUNCTION = YES;
				GCC_WARN_UNUSED_VARIABLE = YES;
				IPHONEOS_DEPLOYMENT_TARGET = 13.0;
				MTL_ENABLE_DEBUG_INFO = INCLUDE_SOURCE;
				MTL_FAST_MATH = YES;
				ONLY_ACTIVE_ARCH = YES;
				SDKROOT = iphoneos;
				SWIFT_ACTIVE_COMPILATION_CONDITIONS = DEBUG;
				SWIFT_OPTIMIZATION_LEVEL = "-Onone";
			};
			name = Debug;
		};
		6AE8EC54281F9B8B00D4CDD5 /* Release */ = {
			isa = XCBuildConfiguration;
			buildSettings = {
				ALWAYS_SEARCH_USER_PATHS = NO;
				CLANG_ANALYZER_NONNULL = YES;
				CLANG_ANALYZER_NUMBER_OBJECT_CONVERSION = YES_AGGRESSIVE;
				CLANG_CXX_LANGUAGE_STANDARD = "gnu++17";
				CLANG_ENABLE_MODULES = YES;
				CLANG_ENABLE_OBJC_ARC = YES;
				CLANG_ENABLE_OBJC_WEAK = YES;
				CLANG_WARN_BLOCK_CAPTURE_AUTORELEASING = YES;
				CLANG_WARN_BOOL_CONVERSION = YES;
				CLANG_WARN_COMMA = YES;
				CLANG_WARN_CONSTANT_CONVERSION = YES;
				CLANG_WARN_DEPRECATED_OBJC_IMPLEMENTATIONS = YES;
				CLANG_WARN_DIRECT_OBJC_ISA_USAGE = YES_ERROR;
				CLANG_WARN_DOCUMENTATION_COMMENTS = YES;
				CLANG_WARN_EMPTY_BODY = YES;
				CLANG_WARN_ENUM_CONVERSION = YES;
				CLANG_WARN_INFINITE_RECURSION = YES;
				CLANG_WARN_INT_CONVERSION = YES;
				CLANG_WARN_NON_LITERAL_NULL_CONVERSION = YES;
				CLANG_WARN_OBJC_IMPLICIT_RETAIN_SELF = YES;
				CLANG_WARN_OBJC_LITERAL_CONVERSION = YES;
				CLANG_WARN_OBJC_ROOT_CLASS = YES_ERROR;
				CLANG_WARN_QUOTED_INCLUDE_IN_FRAMEWORK_HEADER = YES;
				CLANG_WARN_RANGE_LOOP_ANALYSIS = YES;
				CLANG_WARN_STRICT_PROTOTYPES = YES;
				CLANG_WARN_SUSPICIOUS_MOVE = YES;
				CLANG_WARN_UNGUARDED_AVAILABILITY = YES_AGGRESSIVE;
				CLANG_WARN_UNREACHABLE_CODE = YES;
				CLANG_WARN__DUPLICATE_METHOD_MATCH = YES;
				COPY_PHASE_STRIP = NO;
				DEBUG_INFORMATION_FORMAT = "dwarf-with-dsym";
				ENABLE_NS_ASSERTIONS = NO;
				ENABLE_STRICT_OBJC_MSGSEND = YES;
				GCC_C_LANGUAGE_STANDARD = gnu11;
				GCC_NO_COMMON_BLOCKS = YES;
				GCC_WARN_64_TO_32_BIT_CONVERSION = YES;
				GCC_WARN_ABOUT_RETURN_TYPE = YES_ERROR;
				GCC_WARN_UNDECLARED_SELECTOR = YES;
				GCC_WARN_UNINITIALIZED_AUTOS = YES_AGGRESSIVE;
				GCC_WARN_UNUSED_FUNCTION = YES;
				GCC_WARN_UNUSED_VARIABLE = YES;
				IPHONEOS_DEPLOYMENT_TARGET = 13.0;
				MTL_ENABLE_DEBUG_INFO = NO;
				MTL_FAST_MATH = YES;
				SDKROOT = iphoneos;
				SWIFT_COMPILATION_MODE = wholemodule;
				SWIFT_OPTIMIZATION_LEVEL = "-O";
				VALIDATE_PRODUCT = YES;
			};
			name = Release;
		};
		6AE8EC56281F9B8B00D4CDD5 /* Debug */ = {
			isa = XCBuildConfiguration;
			buildSettings = {
				ASSETCATALOG_COMPILER_APPICON_NAME = AppIcon;
				ASSETCATALOG_COMPILER_GLOBAL_ACCENT_COLOR_NAME = AccentColor;
				CODE_SIGN_STYLE = Automatic;
				CURRENT_PROJECT_VERSION = 1;
				DEVELOPMENT_TEAM = PY3HK5UPTR;
				GENERATE_INFOPLIST_FILE = YES;
				INFOPLIST_FILE = GIPHYSearchApp/Info.plist;
				INFOPLIST_KEY_UIApplicationSupportsIndirectInputEvents = YES;
				INFOPLIST_KEY_UILaunchStoryboardName = LaunchScreen;
				INFOPLIST_KEY_UIMainStoryboardFile = LaunchScreen;
				INFOPLIST_KEY_UISupportedInterfaceOrientations = UIInterfaceOrientationPortrait;
				INFOPLIST_KEY_UISupportedInterfaceOrientations_iPad = "UIInterfaceOrientationPortrait UIInterfaceOrientationPortraitUpsideDown UIInterfaceOrientationLandscapeLeft UIInterfaceOrientationLandscapeRight";
				INFOPLIST_KEY_UISupportedInterfaceOrientations_iPhone = "UIInterfaceOrientationPortrait UIInterfaceOrientationLandscapeLeft UIInterfaceOrientationLandscapeRight";
				LD_RUNPATH_SEARCH_PATHS = (
					"$(inherited)",
					"@executable_path/Frameworks",
				);
				MARKETING_VERSION = 1.0;
				PRODUCT_BUNDLE_IDENTIFIER = com.ethan.GIPHYSearchApp;
				PRODUCT_NAME = "$(TARGET_NAME)";
				SWIFT_EMIT_LOC_STRINGS = YES;
				SWIFT_VERSION = 5.0;
				TARGETED_DEVICE_FAMILY = 1;
			};
			name = Debug;
		};
		6AE8EC57281F9B8B00D4CDD5 /* Release */ = {
			isa = XCBuildConfiguration;
			buildSettings = {
				ASSETCATALOG_COMPILER_APPICON_NAME = AppIcon;
				ASSETCATALOG_COMPILER_GLOBAL_ACCENT_COLOR_NAME = AccentColor;
				CODE_SIGN_STYLE = Automatic;
				CURRENT_PROJECT_VERSION = 1;
				DEVELOPMENT_TEAM = PY3HK5UPTR;
				GENERATE_INFOPLIST_FILE = YES;
				INFOPLIST_FILE = GIPHYSearchApp/Info.plist;
				INFOPLIST_KEY_UIApplicationSupportsIndirectInputEvents = YES;
				INFOPLIST_KEY_UILaunchStoryboardName = LaunchScreen;
				INFOPLIST_KEY_UIMainStoryboardFile = LaunchScreen;
				INFOPLIST_KEY_UISupportedInterfaceOrientations = UIInterfaceOrientationPortrait;
				INFOPLIST_KEY_UISupportedInterfaceOrientations_iPad = "UIInterfaceOrientationPortrait UIInterfaceOrientationPortraitUpsideDown UIInterfaceOrientationLandscapeLeft UIInterfaceOrientationLandscapeRight";
				INFOPLIST_KEY_UISupportedInterfaceOrientations_iPhone = "UIInterfaceOrientationPortrait UIInterfaceOrientationLandscapeLeft UIInterfaceOrientationLandscapeRight";
				LD_RUNPATH_SEARCH_PATHS = (
					"$(inherited)",
					"@executable_path/Frameworks",
				);
				MARKETING_VERSION = 1.0;
				PRODUCT_BUNDLE_IDENTIFIER = com.ethan.GIPHYSearchApp;
				PRODUCT_NAME = "$(TARGET_NAME)";
				SWIFT_EMIT_LOC_STRINGS = YES;
				SWIFT_VERSION = 5.0;
				TARGETED_DEVICE_FAMILY = 1;
			};
			name = Release;
		};
		6AE8EC59281F9B8B00D4CDD5 /* Debug */ = {
			isa = XCBuildConfiguration;
			buildSettings = {
				ALWAYS_EMBED_SWIFT_STANDARD_LIBRARIES = YES;
				BUNDLE_LOADER = "$(TEST_HOST)";
				CODE_SIGN_STYLE = Automatic;
				CURRENT_PROJECT_VERSION = 1;
				DEVELOPMENT_TEAM = PY3HK5UPTR;
				GENERATE_INFOPLIST_FILE = YES;
				IPHONEOS_DEPLOYMENT_TARGET = 15.4;
				MARKETING_VERSION = 1.0;
				PRODUCT_BUNDLE_IDENTIFIER = com.ethan.GIPHYSearchAppTests;
				PRODUCT_NAME = "$(TARGET_NAME)";
				SWIFT_EMIT_LOC_STRINGS = NO;
				SWIFT_VERSION = 5.0;
				TARGETED_DEVICE_FAMILY = "1,2";
				TEST_HOST = "$(BUILT_PRODUCTS_DIR)/GIPHYSearchApp.app/GIPHYSearchApp";
			};
			name = Debug;
		};
		6AE8EC5A281F9B8B00D4CDD5 /* Release */ = {
			isa = XCBuildConfiguration;
			buildSettings = {
				ALWAYS_EMBED_SWIFT_STANDARD_LIBRARIES = YES;
				BUNDLE_LOADER = "$(TEST_HOST)";
				CODE_SIGN_STYLE = Automatic;
				CURRENT_PROJECT_VERSION = 1;
				DEVELOPMENT_TEAM = PY3HK5UPTR;
				GENERATE_INFOPLIST_FILE = YES;
				IPHONEOS_DEPLOYMENT_TARGET = 15.4;
				MARKETING_VERSION = 1.0;
				PRODUCT_BUNDLE_IDENTIFIER = com.ethan.GIPHYSearchAppTests;
				PRODUCT_NAME = "$(TARGET_NAME)";
				SWIFT_EMIT_LOC_STRINGS = NO;
				SWIFT_VERSION = 5.0;
				TARGETED_DEVICE_FAMILY = "1,2";
				TEST_HOST = "$(BUILT_PRODUCTS_DIR)/GIPHYSearchApp.app/GIPHYSearchApp";
			};
			name = Release;
		};
		6AE8EC5C281F9B8B00D4CDD5 /* Debug */ = {
			isa = XCBuildConfiguration;
			buildSettings = {
				ALWAYS_EMBED_SWIFT_STANDARD_LIBRARIES = YES;
				CODE_SIGN_STYLE = Automatic;
				CURRENT_PROJECT_VERSION = 1;
				DEVELOPMENT_TEAM = PY3HK5UPTR;
				GENERATE_INFOPLIST_FILE = YES;
				MARKETING_VERSION = 1.0;
				PRODUCT_BUNDLE_IDENTIFIER = com.ethan.GIPHYSearchAppUITests;
				PRODUCT_NAME = "$(TARGET_NAME)";
				SWIFT_EMIT_LOC_STRINGS = NO;
				SWIFT_VERSION = 5.0;
				TARGETED_DEVICE_FAMILY = "1,2";
				TEST_TARGET_NAME = GIPHYSearchApp;
			};
			name = Debug;
		};
		6AE8EC5D281F9B8B00D4CDD5 /* Release */ = {
			isa = XCBuildConfiguration;
			buildSettings = {
				ALWAYS_EMBED_SWIFT_STANDARD_LIBRARIES = YES;
				CODE_SIGN_STYLE = Automatic;
				CURRENT_PROJECT_VERSION = 1;
				DEVELOPMENT_TEAM = PY3HK5UPTR;
				GENERATE_INFOPLIST_FILE = YES;
				MARKETING_VERSION = 1.0;
				PRODUCT_BUNDLE_IDENTIFIER = com.ethan.GIPHYSearchAppUITests;
				PRODUCT_NAME = "$(TARGET_NAME)";
				SWIFT_EMIT_LOC_STRINGS = NO;
				SWIFT_VERSION = 5.0;
				TARGETED_DEVICE_FAMILY = "1,2";
				TEST_TARGET_NAME = GIPHYSearchApp;
			};
			name = Release;
		};
/* End XCBuildConfiguration section */

/* Begin XCConfigurationList section */
		6AE8EC23281F9B8A00D4CDD5 /* Build configuration list for PBXProject "GIPHYSearchApp" */ = {
			isa = XCConfigurationList;
			buildConfigurations = (
				6AE8EC53281F9B8B00D4CDD5 /* Debug */,
				6AE8EC54281F9B8B00D4CDD5 /* Release */,
			);
			defaultConfigurationIsVisible = 0;
			defaultConfigurationName = Release;
		};
		6AE8EC55281F9B8B00D4CDD5 /* Build configuration list for PBXNativeTarget "GIPHYSearchApp" */ = {
			isa = XCConfigurationList;
			buildConfigurations = (
				6AE8EC56281F9B8B00D4CDD5 /* Debug */,
				6AE8EC57281F9B8B00D4CDD5 /* Release */,
			);
			defaultConfigurationIsVisible = 0;
			defaultConfigurationName = Release;
		};
		6AE8EC58281F9B8B00D4CDD5 /* Build configuration list for PBXNativeTarget "GIPHYSearchAppTests" */ = {
			isa = XCConfigurationList;
			buildConfigurations = (
				6AE8EC59281F9B8B00D4CDD5 /* Debug */,
				6AE8EC5A281F9B8B00D4CDD5 /* Release */,
			);
			defaultConfigurationIsVisible = 0;
			defaultConfigurationName = Release;
		};
		6AE8EC5B281F9B8B00D4CDD5 /* Build configuration list for PBXNativeTarget "GIPHYSearchAppUITests" */ = {
			isa = XCConfigurationList;
			buildConfigurations = (
				6AE8EC5C281F9B8B00D4CDD5 /* Debug */,
				6AE8EC5D281F9B8B00D4CDD5 /* Release */,
			);
			defaultConfigurationIsVisible = 0;
			defaultConfigurationName = Release;
		};
/* End XCConfigurationList section */

/* Begin XCRemoteSwiftPackageReference section */
		6AE8EC5E281F9BD600D4CDD5 /* XCRemoteSwiftPackageReference "Alamofire" */ = {
			isa = XCRemoteSwiftPackageReference;
			repositoryURL = "https://github.com/Alamofire/Alamofire.git";
			requirement = {
				kind = upToNextMajorVersion;
				minimumVersion = 5.0.0;
			};
		};
/* End XCRemoteSwiftPackageReference section */

/* Begin XCSwiftPackageProductDependency section */
		6AE8EC5F281F9BD600D4CDD5 /* Alamofire */ = {
			isa = XCSwiftPackageProductDependency;
			package = 6AE8EC5E281F9BD600D4CDD5 /* XCRemoteSwiftPackageReference "Alamofire" */;
			productName = Alamofire;
		};
/* End XCSwiftPackageProductDependency section */

/* Begin XCVersionGroup section */
		6AE8EC34281F9B8A00D4CDD5 /* GIFData.xcdatamodeld */ = {
			isa = XCVersionGroup;
			children = (
				6AE8EC35281F9B8A00D4CDD5 /* GIPHYSearchApp.xcdatamodel */,
			);
			currentVersion = 6AE8EC35281F9B8A00D4CDD5 /* GIPHYSearchApp.xcdatamodel */;
			path = GIFData.xcdatamodeld;
			sourceTree = "<group>";
			versionGroupType = wrapper.xcdatamodel;
		};
/* End XCVersionGroup section */
	};
	rootObject = 6AE8EC20281F9B8A00D4CDD5 /* Project object */;
}
